
Microsoft Visual Studio Solution File, Format Version 12.00
# Visual Studio 15
Project("{FAE04EC0-301F-11D3-BF4B-00C04F79EFBC}") = "Frontend", "Frontend.csproj", "{FBBC7F0A-6611-42F0-B704-014A6385692C}"
EndProject
Global
	GlobalSection(SolutionConfigurationPlatforms) = preSolution
		Debug|Any CPU = Debug|Any CPU
		Release|Any CPU = Release|Any CPU
	EndGlobalSection
	GlobalSection(ProjectConfigurationPlatforms) = postSolution
		{FBBC7F0A-6611-42F0-B704-014A6385692C}.Debug|Any CPU.ActiveCfg = Debug|Any CPU
		{FBBC7F0A-6611-42F0-B704-014A6385692C}.Debug|Any CPU.Build.0 = Debug|Any CPU
		{FBBC7F0A-6611-42F0-B704-014A6385692C}.Release|Any CPU.ActiveCfg = Release|Any CPU
		{FBBC7F0A-6611-42F0-B704-014A6385692C}.Release|Any CPU.Build.0 = Release|Any CPU
	EndGlobalSection
EndGlobal
